
Microsoft Visual Studio Solution File, Format Version 12.00
# Visual Studio Version 17
VisualStudioVersion = 17.12.35707.178 d17.12
MinimumVisualStudioVersion = 10.0.40219.1
Project("{FAE04EC0-301F-11D3-BF4B-00C04F79EFBC}") = "Codepulse.API", "Codepulse.API\Codepulse.API.csproj", "{AC6B2933-9A3A-4897-A390-8D279A968618}"
EndProject
Project("{FAE04EC0-301F-11D3-BF4B-00C04F79EFBC}") = "Codepulse.Model", "Codepulse.Model\Codepulse.Model.csproj", "{426DCE6A-E16F-46ED-8BDF-8E3CC151962D}"
EndProject
Global
	GlobalSection(SolutionConfigurationPlatforms) = preSolution
		Debug|Any CPU = Debug|Any CPU
		Release|Any CPU = Release|Any CPU
	EndGlobalSection
	GlobalSection(ProjectConfigurationPlatforms) = postSolution
		{AC6B2933-9A3A-4897-A390-8D279A968618}.Debug|Any CPU.ActiveCfg = Debug|Any CPU
		{AC6B2933-9A3A-4897-A390-8D279A968618}.Debug|Any CPU.Build.0 = Debug|Any CPU
		{AC6B2933-9A3A-4897-A390-8D279A968618}.Release|Any CPU.ActiveCfg = Release|Any CPU
		{AC6B2933-9A3A-4897-A390-8D279A968618}.Release|Any CPU.Build.0 = Release|Any CPU
		{426DCE6A-E16F-46ED-8BDF-8E3CC151962D}.Debug|Any CPU.ActiveCfg = Debug|Any CPU
		{426DCE6A-E16F-46ED-8BDF-8E3CC151962D}.Debug|Any CPU.Build.0 = Debug|Any CPU
		{426DCE6A-E16F-46ED-8BDF-8E3CC151962D}.Release|Any CPU.ActiveCfg = Release|Any CPU
		{426DCE6A-E16F-46ED-8BDF-8E3CC151962D}.Release|Any CPU.Build.0 = Release|Any CPU
	EndGlobalSection
	GlobalSection(SolutionProperties) = preSolution
		HideSolutionNode = FALSE
	EndGlobalSection
EndGlobal
